PODS:
  - DGCharts (5.1.0):
    - DGCharts/Core (= 5.1.0)
  - DGCharts/Core (5.1.0)
  - Realm (10.49.1):
    - Realm/Headers (= 10.49.1)
  - Realm/Headers (10.49.1)
  - RealmSwift (10.49.1):
    - Realm (= 10.49.1)
  - SnapKit (5.6.0)
  - Then (3.0.0)

DEPENDENCIES:
  - DGCharts
  - RealmSwift
  - SnapKit
  - Then

SPEC REPOS:
  trunk:
    - DGCharts
    - Realm
    - RealmSwift
    - SnapKit
    - Then

SPEC CHECKSUMS:
  DGCharts: 1c6daf585b6cfc78807af44ea690d357c410627f
  Realm: 1fab4a224fd7a294eca142a0efe8b54546290fbf
  RealmSwift: 7c3a9c001161eb01b96b171ad965a9c498b962b0
  SnapKit: e01d52ebb8ddbc333eefe2132acf85c8227d9c25
  Then: 844265ae87834bbe1147d91d5d41a404da2ec27d

PODFILE CHECKSUM: ef32ae6f9476b3ba1921931700c962cf069f0bbf

COCOAPODS: 1.12.1
